<Solution>
  <Project Path="BSL.App/BSL.App.csproj" />
  <Project Path="BSL.Implementation/BSL.Implementation.csproj" />
  <Project Path="BSL.Models/BSL.Models.csproj" />
  <Project Path="BSL.Security/BSL.Security.csproj" />
  <Project Path="BSL.Test/BSL.Test.csproj" />
  <Project Path="BSL.Web/BSL.Web.csproj" />
</Solution>
